{
  "name": "fcoin",
  "version": "1.1.12",
  "lockfileVersion": 1,
  "requires": true,
  "dependencies": {
    "@oipwg/fclient": {
      "version": "0.1.7",
      "resolved": "https://registry.npmjs.org/@oipwg/fclient/-/fclient-0.1.7.tgz",
      "integrity": "sha512-mrLXFj1sz3CxpLib/mp9vntQnkofUBwECCiSWyb0BKAwM1g68w3fsp0IkF3G7gmcs5XcTVyuuor91O39qTk7Wg==",
      "requires": {
        "bcfg": "~0.1.6",
        "bcurl": "~0.1.6",
        "bsert": "~0.0.10"
      }
    },
    "bcfg": {
      "version": "0.1.8",
      "resolved": "https://registry.npmjs.org/bcfg/-/bcfg-0.1.8.tgz",
      "integrity": "sha512-1zHJM1/sztv9ldutWyJDZSRYQJEuRBTIzLWZ2J5ncWoWI2T6b4/hahhvQmnzucfeleU5Mx5+bcwCsF2wcWt2vA==",
      "requires": {
        "bsert": "~0.0.10"
      }
    },
    "bcrypto": {
      "version": "3.1.11",
      "resolved": "https://registry.npmjs.org/bcrypto/-/bcrypto-3.1.11.tgz",
      "integrity": "sha512-XHsle+v0aYjCyHZSwd3Insnu8GUe4cuf3+f07Z/mO+GLq60YqUyEIvpaSv4LAAJ4uf8UNYMSSQ0LslsV0r4tug==",
      "requires": {
        "bsert": "~0.0.10",
        "bufio": "~1.0.6",
        "loady": "~0.0.1",
        "nan": "^2.13.2"
      }
    },
    "bcurl": {
      "version": "0.1.10",
      "resolved": "https://registry.npmjs.org/bcurl/-/bcurl-0.1.10.tgz",
      "integrity": "sha512-NPxrIkc61tI2FvuibKW8IHaWs7YpgGvOWTgYEJYoE0vOiCvjuL6PXeKYq6bZqadeZfQ6v+R74qvj3Siiv+/Pvg==",
      "requires": {
        "brq": "~0.1.8",
        "bsert": "~0.0.10",
        "bsock": "~0.1.9"
      }
    },
    "bdb": {
      "version": "1.1.7",
      "resolved": "https://registry.npmjs.org/bdb/-/bdb-1.1.7.tgz",
      "integrity": "sha512-jtBnWEyDDK08dBbKL9LJeO2huZyBmbjBQMMVjU9RI1liJo6YDbv86uDHoaD4gniefd9pfxqOM1w6rYuwLVCXlQ==",
      "requires": {
        "bsert": "~0.0.10",
        "loady": "~0.0.1"
      }
    },
    "bdns": {
      "version": "0.1.5",
      "resolved": "https://registry.npmjs.org/bdns/-/bdns-0.1.5.tgz",
      "integrity": "sha512-LNVkfM7ynlAD0CvPvO9cKxW8YXt1KOCRQZlRsGZWeMyymUWVdHQpZudAzH9chaFAz6HiwAnQxwDemCKDPy6Mag==",
      "requires": {
        "bsert": "~0.0.10"
      }
    },
    "bevent": {
      "version": "0.1.6",
      "resolved": "https://registry.npmjs.org/bevent/-/bevent-0.1.6.tgz",
      "integrity": "sha512-vu1MYZIbZhz8s4/QDuqJ06L8BloELnMJxf/bGfp5ifqNpKpdCvgDw3ymsyzu27JJinDiGvx775V5NnTmWR7tFA==",
      "requires": {
        "bsert": "~0.0.12"
      }
    },
    "bfile": {
      "version": "0.2.3",
      "resolved": "https://registry.npmjs.org/bfile/-/bfile-0.2.3.tgz",
      "integrity": "sha512-BhbmCLqDC+u8rPSeB/I8bRC8luQoUt+wD326CECXYXtE5GyTWL/q/OkNp58aH7XEREguEItvqM18s9vXLvg6fw=="
    },
    "bfilter": {
      "version": "git+https://github.com/bcoin-org/bfilter.git#252b496e0057e1b59288efe8472fd021c74f5b91",
      "from": "git+https://github.com/bcoin-org/bfilter.git#semver:~2.0.0",
      "requires": {
        "bcrypto": "git+https://github.com/bcoin-org/bcrypto.git#semver:~5.0.3",
        "bsert": "git+https://github.com/chjj/bsert.git#semver:~0.0.10",
        "bufio": "git+https://github.com/bcoin-org/bufio.git#semver:~1.0.6",
        "loady": "git+https://github.com/chjj/loady.git#semver:~0.0.1",
        "nan": "git+https://github.com/braydonf/nan.git#semver:~2.14.0"
      },
      "dependencies": {
        "bcrypto": {
          "version": "git+https://github.com/bcoin-org/bcrypto.git#0a01f693443d8b19f6db1154e0133c7bf703b205",
          "from": "git+https://github.com/bcoin-org/bcrypto.git#semver:~5.0.3",
          "requires": {
            "bufio": "~1.0.6",
            "loady": "~0.0.1",
            "nan": "^2.14.0"
          }
        },
        "bsert": {
          "version": "git+https://github.com/chjj/bsert.git#9707106b6cffcfbe7659c8cae77e8c2e73ab13b5",
          "from": "git+https://github.com/chjj/bsert.git#semver:~0.0.10"
        },
        "bufio": {
          "version": "git+https://github.com/bcoin-org/bufio.git#91ae6c93899ff9fad7d7cee9afd2a1c4933ca984",
          "from": "git+https://github.com/bcoin-org/bufio.git#semver:~1.0.6"
        },
        "loady": {
          "version": "git+https://github.com/chjj/loady.git#b94958b7ee061518f4b85ea6da380e7ee93222d5",
          "from": "git+https://github.com/chjj/loady.git#semver:~0.0.1"
        },
        "nan": {
          "version": "git+https://github.com/braydonf/nan.git#1dcc61bd06d84e389bfd5311b2b1492a14c74201",
          "from": "git+https://github.com/braydonf/nan.git#semver:~2.14.0"
        }
      }
    },
    "bheep": {
      "version": "0.1.6",
      "resolved": "https://registry.npmjs.org/bheep/-/bheep-0.1.6.tgz",
      "integrity": "sha512-u44Xgb0Rr+Y/1chKqiUSY44mpBCglDxnapyfA6mssbJE+C7iyAPY4r8WMPqmdvZPYk7EU3ogbt4pKDItDMU87A==",
      "requires": {
        "bsert": "~0.0.12"
      }
    },
    "binet": {
      "version": "0.3.9",
      "resolved": "https://registry.npmjs.org/binet/-/binet-0.3.9.tgz",
      "integrity": "sha512-htptPuT5YTTRThIQAuWyCo+rIvXwAC+CrUq40ldhKHBPbZoMb76SBkI8NtvLkWussJr+lnR5Mc0rh1dpNBrBPg==",
      "requires": {
        "bs32": "~0.1.7",
        "bsert": "~0.0.12"
      }
    },
    "blgr": {
      "version": "0.1.8",
      "resolved": "https://registry.npmjs.org/blgr/-/blgr-0.1.8.tgz",
      "integrity": "sha512-9AvDK+lc92q//63S8cHtkaB060YOZqoqd0DkMwn35mR1SrcY0FXnCHePHZFx6Oe1d/6wj8Lw7mKEGoShCUf3Yw==",
      "requires": {
        "bsert": "~0.0.10"
      }
    },
    "blru": {
      "version": "0.1.7",
      "resolved": "https://registry.npmjs.org/blru/-/blru-0.1.7.tgz",
      "integrity": "sha512-FzSf/LgZp0wu2kzT2xt7C73pKfyJurCzKkhkVdbYS5GgO8rNxQjadyZcFAGwNAcHfjxV48HPhdh5vn4S7rr3aA==",
      "requires": {
        "bsert": "~0.0.12"
      }
    },
    "blst": {
      "version": "0.1.6",
      "resolved": "https://registry.npmjs.org/blst/-/blst-0.1.6.tgz",
      "integrity": "sha512-P88SBVTdjKsvltTGXPayu9ACSZ36CNpECE8eZjPg+Mj++EB/VHOFUAnVIZ142NceSWYkVMBKiVENH49YHKHjFg==",
      "requires": {
        "bsert": "~0.0.12"
      }
    },
    "bmocha": {
      "version": "2.2.0",
      "resolved": "https://registry.npmjs.org/bmocha/-/bmocha-2.2.0.tgz",
      "integrity": "sha512-f0o/na7RLjoUzcrx3wqyGaOXsPcAlAo7Q2NybKfcUM3udmaDTXMr6Zbo0IZup+BG7ah8jYjk7AK+5tiboirH+g==",
      "dev": true
    },
    "bmutex": {
      "version": "git+https://github.com/oipwg/bmutex.git#fdc97b6c6ae3c69aaa43e446d83bccc2a4008877",
      "from": "git+https://github.com/oipwg/bmutex.git#master",
      "requires": {
        "bsert": "~0.0.10"
      }
    },
    "brq": {
      "version": "0.1.10",
      "resolved": "https://registry.npmjs.org/brq/-/brq-0.1.10.tgz",
      "integrity": "sha512-iil4TtQWw9Wb2G+mEP0iHqM8Q16mHINJzR5wHTsfKZTtcOVoEGj6yX3ed7yLQ92KR4QO9KjlrlO7/Y7766i7Tw==",
      "requires": {
        "bsert": "~0.0.12"
      }
    },
    "bs32": {
      "version": "0.1.7",
      "resolved": "https://registry.npmjs.org/bs32/-/bs32-0.1.7.tgz",
      "integrity": "sha512-I0aKZCBneFTkcVNUIALzsOevqPIF93ynGPX6wj6pXmIBpXVGCqTgdvMx2QyR/NwgOIqMLH++Ovyum28abVG6QA==",
      "requires": {
        "bsert": "~0.0.10"
      }
    },
    "bsert": {
      "version": "0.0.13",
      "resolved": "https://registry.npmjs.org/bsert/-/bsert-0.0.13.tgz",
      "integrity": "sha512-gYzSj8I2lDTKvl4aRSYs2CZIpeJugq7RjGhLRG+Jl//gEW5B2u1MKB6exVCL09FqYj6JRQAAgRwQHMOWvr7A8A=="
    },
    "bsip": {
      "version": "0.1.9",
      "resolved": "https://registry.npmjs.org/bsip/-/bsip-0.1.9.tgz",
      "integrity": "sha512-i7cVEfCthASPB3BYKS/pZN/D4kh4vToIlSAFcVBLNjzYl1UirT3E2PIGSfNnYR2qZ3UW1qnDavrWEHhLeSKt2A==",
      "requires": {
        "bsert": "~0.0.10",
        "loady": "~0.0.1",
        "nan": "^2.13.1"
      }
    },
    "bsock": {
      "version": "0.1.11",
      "resolved": "https://registry.npmjs.org/bsock/-/bsock-0.1.11.tgz",
      "integrity": "sha512-4COhlKKBfOQOomNvz1hjoPtN5ytpqbxkuCPvIPbYMvaZwNBKpo8dZa1LJjcN3wuAkjIIJLF/fc4o3e1DYiceQw==",
      "requires": {
        "bsert": "~0.0.12"
      }
    },
    "bsocks": {
      "version": "0.2.6",
      "resolved": "https://registry.npmjs.org/bsocks/-/bsocks-0.2.6.tgz",
      "integrity": "sha512-66UkjoB9f7lhT+WKgYq8MQa6nkr96mlX64JYMlIsXe/X4VeqNwvsx7UOE3ZqD6lkwg8GvBhapRTWj0qWO3Pw8w==",
      "requires": {
        "binet": "~0.3.5",
        "bsert": "~0.0.10"
      }
    },
    "bstring": {
      "version": "0.3.9",
      "resolved": "https://registry.npmjs.org/bstring/-/bstring-0.3.9.tgz",
      "integrity": "sha512-D95flI7SXL+UsQi9mW+hH+AK2AFfafIJi+3GbbyTAWMe2FqwR9keBxsjGiGd/JM+77Y9WsC+M4EhZVNVcym9jw==",
      "requires": {
        "bsert": "~0.0.10",
        "loady": "~0.0.1",
        "nan": "^2.13.1"
      }
    },
    "btcp": {
      "version": "0.1.5",
      "resolved": "https://registry.npmjs.org/btcp/-/btcp-0.1.5.tgz",
      "integrity": "sha512-tkrtMDxeJorn5p0KxaLXELneT8AbfZMpOFeoKYZ5qCCMMSluNuwut7pGccLC5YOJqmuk0DR774vNVQLC9sNq/A=="
    },
    "buffer-map": {
      "version": "0.0.7",
      "resolved": "https://registry.npmjs.org/buffer-map/-/buffer-map-0.0.7.tgz",
      "integrity": "sha512-95try3p/vMRkIAAnJDaGkFhGpT/65NoeW6XelEPjAomWYR58RQtW4khn0SwKj34kZoE7uxL7w2koZSwbnszvQQ=="
    },
    "bufio": {
      "version": "1.0.7",
      "resolved": "https://registry.npmjs.org/bufio/-/bufio-1.0.7.tgz",
      "integrity": "sha512-bd1dDQhiC+bEbEfg56IdBv7faWa6OipMs/AFFFvtFnB3wAYjlwQpQRZ0pm6ZkgtfL0pILRXhKxOiQj6UzoMR7A=="
    },
    "bupnp": {
      "version": "0.2.6",
      "resolved": "https://registry.npmjs.org/bupnp/-/bupnp-0.2.6.tgz",
      "integrity": "sha512-J6ykzJhZMxXKN78K+1NzFi3v/51X2Mvzp2hW42BWwmxIVfau6PaN99gyABZ8x05e8MObWbsAis23gShhj9qpbw==",
      "requires": {
        "binet": "~0.3.5",
        "brq": "~0.1.7",
        "bsert": "~0.0.10"
      }
    },
    "bval": {
      "version": "0.1.8",
      "resolved": "https://registry.npmjs.org/bval/-/bval-0.1.8.tgz",
      "integrity": "sha512-38WQyq94sgKaJbHSmkOwZqba6Ac0KIKPO0SMDNg/mCcwUos2NIrMg5Bb2LkzIer+RzS186IYusNeSrJrKdaqhA==",
      "requires": {
        "bsert": "~0.0.10"
      }
    },
    "bweb": {
      "version": "0.1.12",
      "resolved": "https://registry.npmjs.org/bweb/-/bweb-0.1.12.tgz",
      "integrity": "sha512-ctj1FnoTF+7/dRiRYVVwY/6lV/NYQ5Gz8HS0LsyUxae7fMJGKx2geHHIcIXeZ5DolS49Xq9e4rh29aG/vAJrWw==",
      "requires": {
        "bsert": "~0.0.10",
        "bsock": "~0.1.8"
      }
    },
    "loady": {
      "version": "0.0.5",
      "resolved": "https://registry.npmjs.org/loady/-/loady-0.0.5.tgz",
      "integrity": "sha512-uxKD2HIj042/HBx77NBcmEPsD+hxCgAtjEWlYNScuUjIsh/62Uyu39GOR68TBR68v+jqDL9zfftCWoUo4y03sQ=="
    },
    "n64": {
      "version": "0.2.10",
      "resolved": "https://registry.npmjs.org/n64/-/n64-0.2.10.tgz",
      "integrity": "sha512-uH9geV4+roR1tohsrrqSOLCJ9Mh1iFcDI+9vUuydDlDxUS1UCAWUfuGb06p3dj3flzywquJNrGsQ7lHP8+4RVQ=="
    },
    "nan": {
      "version": "2.19.0",
      "resolved": "https://registry.npmjs.org/nan/-/nan-2.19.0.tgz",
      "integrity": "sha512-nO1xXxfh/RWNxfd/XPfbIfFk5vgLsAxUR9y5O0cHMJu/AW9U95JLXqthYHjEp+8gQ5p96K9jUp8nbVOxCdRbtw=="
    }
  }
}
